{
  "requires": true,
  "lockfileVersion": 1,
  "dependencies": {
    "vue-base64-file-upload": {
      "version": "1.0.4",
      "resolved": "https://registry.npmjs.org/vue-base64-file-upload/-/vue-base64-file-upload-1.0.4.tgz",
      "integrity": "sha1-HvjkTCFxzR50GXuvFDcVKI9moBI=",
      "requires": {
        "vue": "2.5.16"
      },
      "dependencies": {
        "vue": {
          "version": "2.5.16",
          "resolved": "https://registry.npmjs.org/vue/-/vue-2.5.16.tgz",
          "integrity": "sha512-/ffmsiVuPC8PsWcFkZngdpas19ABm5mh2wA7iDqcltyCTwlgZjHGeJYOXkBMo422iPwIcviOtrTCUpSfXmToLQ=="
        }
      }
    }
  }
}
